
Microsoft Visual Studio Solution File, Format Version 12.00
# Visual Studio Version 16
VisualStudioVersion = 16.0.30320.27
MinimumVisualStudioVersion = 10.0.40219.1
Project("{9A19103F-16F7-4668-BE54-9A1E7A4F7556}") = "BusinessLayer", "BusinessLayer\BusinessLayer.csproj", "{9CB1857E-F148-479C-9118-E5C8F79DDA52}"
EndProject
Project("{9A19103F-16F7-4668-BE54-9A1E7A4F7556}") = "Datalaag", "Datalaag\Datalaag.csproj", "{A37A4945-36A7-49A0-97A5-37E4979E59B9}"
EndProject
Project("{9A19103F-16F7-4668-BE54-9A1E7A4F7556}") = "BusinessLayer_Test", "BusinessLayer_Test\BusinessLayer_Test.csproj", "{87EA5B5A-3FA0-4F5C-8C0D-CAB7331D5B10}"
EndProject
Project("{9A19103F-16F7-4668-BE54-9A1E7A4F7556}") = "DataLayer_Testing", "DataLayer_Testing\DataLayer_Testing.csproj", "{972D42C9-CF2A-47E0-8A12-FD44FD4D5FCD}"
EndProject
Project("{9A19103F-16F7-4668-BE54-9A1E7A4F7556}") = "API_Layer", "API_Layer\API_Layer.csproj", "{53D6B68F-10BF-42B5-8A66-2F6AECF86D12}"
EndProject
Project("{FAE04EC0-301F-11D3-BF4B-00C04F79EFBC}") = "Api_Test", "Api_Test\Api_Test.csproj", "{7BB32666-6523-45B0-89EE-1A31A21D5407}"
EndProject
Global
	GlobalSection(SolutionConfigurationPlatforms) = preSolution
		Debug|Any CPU = Debug|Any CPU
		Release|Any CPU = Release|Any CPU
	EndGlobalSection
	GlobalSection(ProjectConfigurationPlatforms) = postSolution
		{9CB1857E-F148-479C-9118-E5C8F79DDA52}.Debug|Any CPU.ActiveCfg = Debug|Any CPU
		{9CB1857E-F148-479C-9118-E5C8F79DDA52}.Debug|Any CPU.Build.0 = Debug|Any CPU
		{9CB1857E-F148-479C-9118-E5C8F79DDA52}.Release|Any CPU.ActiveCfg = Release|Any CPU
		{9CB1857E-F148-479C-9118-E5C8F79DDA52}.Release|Any CPU.Build.0 = Release|Any CPU
		{A37A4945-36A7-49A0-97A5-37E4979E59B9}.Debug|Any CPU.ActiveCfg = Debug|Any CPU
		{A37A4945-36A7-49A0-97A5-37E4979E59B9}.Debug|Any CPU.Build.0 = Debug|Any CPU
		{A37A4945-36A7-49A0-97A5-37E4979E59B9}.Release|Any CPU.ActiveCfg = Release|Any CPU
		{A37A4945-36A7-49A0-97A5-37E4979E59B9}.Release|Any CPU.Build.0 = Release|Any CPU
		{87EA5B5A-3FA0-4F5C-8C0D-CAB7331D5B10}.Debug|Any CPU.ActiveCfg = Debug|Any CPU
		{87EA5B5A-3FA0-4F5C-8C0D-CAB7331D5B10}.Debug|Any CPU.Build.0 = Debug|Any CPU
		{87EA5B5A-3FA0-4F5C-8C0D-CAB7331D5B10}.Release|Any CPU.ActiveCfg = Release|Any CPU
		{87EA5B5A-3FA0-4F5C-8C0D-CAB7331D5B10}.Release|Any CPU.Build.0 = Release|Any CPU
		{972D42C9-CF2A-47E0-8A12-FD44FD4D5FCD}.Debug|Any CPU.ActiveCfg = Debug|Any CPU
		{972D42C9-CF2A-47E0-8A12-FD44FD4D5FCD}.Debug|Any CPU.Build.0 = Debug|Any CPU
		{972D42C9-CF2A-47E0-8A12-FD44FD4D5FCD}.Release|Any CPU.ActiveCfg = Release|Any CPU
		{972D42C9-CF2A-47E0-8A12-FD44FD4D5FCD}.Release|Any CPU.Build.0 = Release|Any CPU
		{53D6B68F-10BF-42B5-8A66-2F6AECF86D12}.Debug|Any CPU.ActiveCfg = Debug|Any CPU
		{53D6B68F-10BF-42B5-8A66-2F6AECF86D12}.Debug|Any CPU.Build.0 = Debug|Any CPU
		{53D6B68F-10BF-42B5-8A66-2F6AECF86D12}.Release|Any CPU.ActiveCfg = Release|Any CPU
		{53D6B68F-10BF-42B5-8A66-2F6AECF86D12}.Release|Any CPU.Build.0 = Release|Any CPU
		{7BB32666-6523-45B0-89EE-1A31A21D5407}.Debug|Any CPU.ActiveCfg = Debug|Any CPU
		{7BB32666-6523-45B0-89EE-1A31A21D5407}.Debug|Any CPU.Build.0 = Debug|Any CPU
		{7BB32666-6523-45B0-89EE-1A31A21D5407}.Release|Any CPU.ActiveCfg = Release|Any CPU
		{7BB32666-6523-45B0-89EE-1A31A21D5407}.Release|Any CPU.Build.0 = Release|Any CPU
	EndGlobalSection
	GlobalSection(SolutionProperties) = preSolution
		HideSolutionNode = FALSE
	EndGlobalSection
	GlobalSection(ExtensibilityGlobals) = postSolution
		SolutionGuid = {31FBA013-4570-4653-A8F7-F07E6E141A75}
	EndGlobalSection
EndGlobal
